
Microsoft Visual Studio Solution File, Format Version 12.00
# Visual Studio 15
VisualStudioVersion = 15.0.27428.2015
MinimumVisualStudioVersion = 10.0.40219.1
Project("{8BC9CEB8-8B4A-11D0-8D11-00A0C91BC942}") = "Project6", "Project6\Project6.vcxproj", "{D979B3D1-BADF-49CA-830A-4BB0E41B456E}"
EndProject
Global
	GlobalSection(SolutionConfigurationPlatforms) = preSolution
		Debug|x64 = Debug|x64
		Debug|x86 = Debug|x86
		Release|x64 = Release|x64
		Release|x86 = Release|x86
	EndGlobalSection
	GlobalSection(ProjectConfigurationPlatforms) = postSolution
		{D979B3D1-BADF-49CA-830A-4BB0E41B456E}.Debug|x64.ActiveCfg = Debug|x64
		{D979B3D1-BADF-49CA-830A-4BB0E41B456E}.Debug|x64.Build.0 = Debug|x64
		{D979B3D1-BADF-49CA-830A-4BB0E41B456E}.Debug|x86.ActiveCfg = Debug|Win32
		{D979B3D1-BADF-49CA-830A-4BB0E41B456E}.Debug|x86.Build.0 = Debug|Win32
		{D979B3D1-BADF-49CA-830A-4BB0E41B456E}.Release|x64.ActiveCfg = Release|x64
		{D979B3D1-BADF-49CA-830A-4BB0E41B456E}.Release|x64.Build.0 = Release|x64
		{D979B3D1-BADF-49CA-830A-4BB0E41B456E}.Release|x86.ActiveCfg = Release|Win32
		{D979B3D1-BADF-49CA-830A-4BB0E41B456E}.Release|x86.Build.0 = Release|Win32
	EndGlobalSection
	GlobalSection(SolutionProperties) = preSolution
		HideSolutionNode = FALSE
	EndGlobalSection
	GlobalSection(ExtensibilityGlobals) = postSolution
		SolutionGuid = {8EFA8797-0D65-4F51-AEB6-02D93859D8E5}
	EndGlobalSection
EndGlobal
